github.com/C8E/flagstone v1.1.0 h1:sH3XU92UVXYUyoW62ightWTg7rA4cHIm8EUimvGqOwM=
github.com/C8E/flagstone v1.1.0/go.mod h1:PrUo4h6pMykkiMYdRvCZiIJd/nkEm57ZnhBJkPb3WFM=
github.com/icza/gowut v1.4.0/go.mod h1:0bLWFdhY/FxwCx2nDrezL87kfFgPfwZn9GytsrUPM8U=
github.com/kami-zh/go-capturer v0.0.0-20171211120116-e492ea43421d/go.mod h1:P2viExyCEfeWGU259JnaQ34Inuec4R38JCyBx2edgD0=
